
Microsoft Visual Studio Solution File, Format Version 12.00
# Visual Studio Version 16
VisualStudioVersion = 16.0.31605.320
MinimumVisualStudioVersion = 10.0.40219.1
Project("{FAE04EC0-301F-11D3-BF4B-00C04F79EFBC}") = "dapper-demo", "dapper-demo\dapper-demo.csproj", "{6FB7C70D-4AB8-46D7-8093-6A4C4EF16BEC}"
EndProject
Global
	GlobalSection(SolutionConfigurationPlatforms) = preSolution
		Debug|Any CPU = Debug|Any CPU
		Release|Any CPU = Release|Any CPU
	EndGlobalSection
	GlobalSection(ProjectConfigurationPlatforms) = postSolution
		{6FB7C70D-4AB8-46D7-8093-6A4C4EF16BEC}.Debug|Any CPU.ActiveCfg = Debug|Any CPU
		{6FB7C70D-4AB8-46D7-8093-6A4C4EF16BEC}.Debug|Any CPU.Build.0 = Debug|Any CPU
		{6FB7C70D-4AB8-46D7-8093-6A4C4EF16BEC}.Release|Any CPU.ActiveCfg = Release|Any CPU
		{6FB7C70D-4AB8-46D7-8093-6A4C4EF16BEC}.Release|Any CPU.Build.0 = Release|Any CPU
	EndGlobalSection
	GlobalSection(SolutionProperties) = preSolution
		HideSolutionNode = FALSE
	EndGlobalSection
	GlobalSection(ExtensibilityGlobals) = postSolution
		SolutionGuid = {46427F76-F4AF-49F9-A340-3463136D072E}
	EndGlobalSection
EndGlobal
